
Microsoft Visual Studio Solution File, Format Version 12.00
# Visual Studio 15
VisualStudioVersion = 15.0.28307.1062
MinimumVisualStudioVersion = 10.0.40219.1
Project("{FAE04EC0-301F-11D3-BF4B-00C04F79EFBC}") = "CScomment", "CScomment\CScomment.csproj", "{0AEA46E0-9A8C-4F15-8ADC-1BED2222A0F8}"
EndProject
Global
	GlobalSection(SolutionConfigurationPlatforms) = preSolution
		Debug|Any CPU = Debug|Any CPU
		Release|Any CPU = Release|Any CPU
	EndGlobalSection
	GlobalSection(ProjectConfigurationPlatforms) = postSolution
		{0AEA46E0-9A8C-4F15-8ADC-1BED2222A0F8}.Debug|Any CPU.ActiveCfg = Debug|Any CPU
		{0AEA46E0-9A8C-4F15-8ADC-1BED2222A0F8}.Debug|Any CPU.Build.0 = Debug|Any CPU
		{0AEA46E0-9A8C-4F15-8ADC-1BED2222A0F8}.Release|Any CPU.ActiveCfg = Release|Any CPU
		{0AEA46E0-9A8C-4F15-8ADC-1BED2222A0F8}.Release|Any CPU.Build.0 = Release|Any CPU
	EndGlobalSection
	GlobalSection(SolutionProperties) = preSolution
		HideSolutionNode = FALSE
	EndGlobalSection
	GlobalSection(ExtensibilityGlobals) = postSolution
		SolutionGuid = {BBB8DDDD-B8E0-42DC-885E-E5941CD75593}
	EndGlobalSection
EndGlobal
